<?xml version="1.0" encoding="utf-8"?>
<Project ToolsVersion="18.0" xmlns="http://schemas.microsoft.com/developer/msbuild/2003">
  <ItemGroup>
    <CustomBuild Include="E:\Github\oxide_manager\build\windows\x64\CMakeFiles\320a73ae7b1092179962a3ae1ce2e395\INSTALL_force.rule">
      <Filter>CMake Rules</Filter>
    </CustomBuild>
  </ItemGroup>
  <ItemGroup>
    <Filter Include="CMake Rules">
      <UniqueIdentifier>{8EC1CFAC-FBD7-30A5-8D97-F69D485B86F6}</UniqueIdentifier>
    </Filter>
  </ItemGroup>
</Project>
